
Microsoft Visual Studio Solution File, Format Version 12.00
# Visual Studio Version 17
VisualStudioVersion = 17.6.33815.320
MinimumVisualStudioVersion = 10.0.40219.1
Project("{FAE04EC0-301F-11D3-BF4B-00C04F79EFBC}") = "Furniture", "Furniture\Furniture.csproj", "{6DBF6CC5-8523-4E94-AE9B-04849EB5AFD0}"
EndProject
Global
	GlobalSection(SolutionConfigurationPlatforms) = preSolution
		Debug|Any CPU = Debug|Any CPU
		Release|Any CPU = Release|Any CPU
	EndGlobalSection
	GlobalSection(ProjectConfigurationPlatforms) = postSolution
		{6DBF6CC5-8523-4E94-AE9B-04849EB5AFD0}.Debug|Any CPU.ActiveCfg = Debug|Any CPU
		{6DBF6CC5-8523-4E94-AE9B-04849EB5AFD0}.Debug|Any CPU.Build.0 = Debug|Any CPU
		{6DBF6CC5-8523-4E94-AE9B-04849EB5AFD0}.Release|Any CPU.ActiveCfg = Release|Any CPU
		{6DBF6CC5-8523-4E94-AE9B-04849EB5AFD0}.Release|Any CPU.Build.0 = Release|Any CPU
	EndGlobalSection
	GlobalSection(SolutionProperties) = preSolution
		HideSolutionNode = FALSE
	EndGlobalSection
	GlobalSection(ExtensibilityGlobals) = postSolution
		SolutionGuid = {C2958B98-A1FA-4617-8B13-753FFD1FF921}
	EndGlobalSection
EndGlobal
